
Microsoft Visual Studio Solution File, Format Version 12.00
# Visual Studio 15
VisualStudioVersion = 15.0.28010.2046
MinimumVisualStudioVersion = 10.0.40219.1
Project("{FAE04EC0-301F-11D3-BF4B-00C04F79EFBC}") = "BookManagement", "ATNB_Assignment\BookManagement.csproj", "{A2F8BD34-78F1-483A-AAA3-16D74C7E74F5}"
EndProject
Global
	GlobalSection(SolutionConfigurationPlatforms) = preSolution
		Debug|Any CPU = Debug|Any CPU
		Release|Any CPU = Release|Any CPU
	EndGlobalSection
	GlobalSection(ProjectConfigurationPlatforms) = postSolution
		{A2F8BD34-78F1-483A-AAA3-16D74C7E74F5}.Debug|Any CPU.ActiveCfg = Debug|Any CPU
		{A2F8BD34-78F1-483A-AAA3-16D74C7E74F5}.Debug|Any CPU.Build.0 = Debug|Any CPU
		{A2F8BD34-78F1-483A-AAA3-16D74C7E74F5}.Release|Any CPU.ActiveCfg = Release|Any CPU
		{A2F8BD34-78F1-483A-AAA3-16D74C7E74F5}.Release|Any CPU.Build.0 = Release|Any CPU
	EndGlobalSection
	GlobalSection(SolutionProperties) = preSolution
		HideSolutionNode = FALSE
	EndGlobalSection
	GlobalSection(ExtensibilityGlobals) = postSolution
		SolutionGuid = {C3D33E94-7823-4688-9B1B-819DBE2D1BE4}
	EndGlobalSection
EndGlobal
